
Microsoft Visual Studio Solution File, Format Version 12.00
# Visual Studio Version 16
VisualStudioVersion = 16.0.30413.136
MinimumVisualStudioVersion = 10.0.40219.1
Project("{9A19103F-16F7-4668-BE54-9A1E7A4F7556}") = "Macros.Domain", "Macros.Domain\Macros.Domain.csproj", "{3826499C-8C5E-4416-9BC1-F231D18B1A6D}"
EndProject
Project("{9A19103F-16F7-4668-BE54-9A1E7A4F7556}") = "Macros.Startup", "Macros.Startup\Macros.Startup.csproj", "{A50F4303-DD10-4270-87C1-AA1F7FA998F4}"
EndProject
Project("{9A19103F-16F7-4668-BE54-9A1E7A4F7556}") = "Macros.Web", "Macros.Web\Macros.Web.csproj", "{A329956B-F685-4ED5-A952-3AE7CF61785F}"
EndProject
Project("{9A19103F-16F7-4668-BE54-9A1E7A4F7556}") = "Macros.Infrastructure", "Macros.Infrastructure\Macros.Infrastructure.csproj", "{D055A345-5788-4630-927D-2F83189504E1}"
EndProject
Project("{FAE04EC0-301F-11D3-BF4B-00C04F79EFBC}") = "Macros.Application", "Macros.Application\Macros.Application.csproj", "{C8EB4557-79C8-4FAC-9C48-1C98C24FD0F2}"
EndProject
Global
	GlobalSection(SolutionConfigurationPlatforms) = preSolution
		Debug|Any CPU = Debug|Any CPU
		Release|Any CPU = Release|Any CPU
	EndGlobalSection
	GlobalSection(ProjectConfigurationPlatforms) = postSolution
		{3826499C-8C5E-4416-9BC1-F231D18B1A6D}.Debug|Any CPU.ActiveCfg = Debug|Any CPU
		{3826499C-8C5E-4416-9BC1-F231D18B1A6D}.Debug|Any CPU.Build.0 = Debug|Any CPU
		{3826499C-8C5E-4416-9BC1-F231D18B1A6D}.Release|Any CPU.ActiveCfg = Release|Any CPU
		{3826499C-8C5E-4416-9BC1-F231D18B1A6D}.Release|Any CPU.Build.0 = Release|Any CPU
		{A50F4303-DD10-4270-87C1-AA1F7FA998F4}.Debug|Any CPU.ActiveCfg = Debug|Any CPU
		{A50F4303-DD10-4270-87C1-AA1F7FA998F4}.Debug|Any CPU.Build.0 = Debug|Any CPU
		{A50F4303-DD10-4270-87C1-AA1F7FA998F4}.Release|Any CPU.ActiveCfg = Release|Any CPU
		{A50F4303-DD10-4270-87C1-AA1F7FA998F4}.Release|Any CPU.Build.0 = Release|Any CPU
		{A329956B-F685-4ED5-A952-3AE7CF61785F}.Debug|Any CPU.ActiveCfg = Debug|Any CPU
		{A329956B-F685-4ED5-A952-3AE7CF61785F}.Debug|Any CPU.Build.0 = Debug|Any CPU
		{A329956B-F685-4ED5-A952-3AE7CF61785F}.Release|Any CPU.ActiveCfg = Release|Any CPU
		{A329956B-F685-4ED5-A952-3AE7CF61785F}.Release|Any CPU.Build.0 = Release|Any CPU
		{D055A345-5788-4630-927D-2F83189504E1}.Debug|Any CPU.ActiveCfg = Debug|Any CPU
		{D055A345-5788-4630-927D-2F83189504E1}.Debug|Any CPU.Build.0 = Debug|Any CPU
		{D055A345-5788-4630-927D-2F83189504E1}.Release|Any CPU.ActiveCfg = Release|Any CPU
		{D055A345-5788-4630-927D-2F83189504E1}.Release|Any CPU.Build.0 = Release|Any CPU
		{C8EB4557-79C8-4FAC-9C48-1C98C24FD0F2}.Debug|Any CPU.ActiveCfg = Debug|Any CPU
		{C8EB4557-79C8-4FAC-9C48-1C98C24FD0F2}.Debug|Any CPU.Build.0 = Debug|Any CPU
		{C8EB4557-79C8-4FAC-9C48-1C98C24FD0F2}.Release|Any CPU.ActiveCfg = Release|Any CPU
		{C8EB4557-79C8-4FAC-9C48-1C98C24FD0F2}.Release|Any CPU.Build.0 = Release|Any CPU
	EndGlobalSection
	GlobalSection(SolutionProperties) = preSolution
		HideSolutionNode = FALSE
	EndGlobalSection
	GlobalSection(ExtensibilityGlobals) = postSolution
		SolutionGuid = {6E30DF83-AD6A-48FE-8105-68F22CEA31A4}
	EndGlobalSection
EndGlobal
